
Microsoft Visual Studio Solution File, Format Version 12.00
# Visual Studio 15
Project("{FAE04EC0-301F-11D3-BF4B-00C04F79EFBC}") = "Assembly-CSharp", "Assembly-CSharp.csproj", "{DF317AC9-6DB0-109A-24F7-6E9B775823D9}"
EndProject
Global
	GlobalSection(SolutionConfigurationPlatforms) = preSolution
		Debug|Any CPU = Debug|Any CPU
		Release|Any CPU = Release|Any CPU
	EndGlobalSection
	GlobalSection(ProjectConfigurationPlatforms) = postSolution
		{DF317AC9-6DB0-109A-24F7-6E9B775823D9}.Debug|Any CPU.ActiveCfg = Debug|Any CPU
		{DF317AC9-6DB0-109A-24F7-6E9B775823D9}.Debug|Any CPU.Build.0 = Debug|Any CPU
		{DF317AC9-6DB0-109A-24F7-6E9B775823D9}.Release|Any CPU.ActiveCfg = Release|Any CPU
		{DF317AC9-6DB0-109A-24F7-6E9B775823D9}.Release|Any CPU.Build.0 = Release|Any CPU
	EndGlobalSection
	GlobalSection(SolutionProperties) = preSolution
		HideSolutionNode = FALSE
	EndGlobalSection
EndGlobal
